<?xml version="1.0" encoding="utf-8"?>
<Project ToolsVersion="4.0" xmlns="http://schemas.microsoft.com/developer/msbuild/2003">
  <ItemGroup>
    <Filter Include="system">
      <UniqueIdentifier>{22dd8095-74f9-46df-81a1-36675a040b1f}</UniqueIdentifier>
    </Filter>
  </ItemGroup>
  <ItemGroup>
    <ClCompile Include="stdafx.cpp" />
    <ClCompile Include="main.cpp" />
    <ClCompile Include="system\system.cpp">
      <Filter>system</Filter>
    </ClCompile>
    <ClCompile Include="Game.cpp" />
    <ClCompile Include="BackGround.cpp" />
    <ClCompile Include="BallState.cpp" />
    <ClCompile Include="ButtonType.cpp" />
    <ClCompile Include="GameCamera.cpp" />
    <ClCompile Include="GameClear.cpp" />
    <ClCompile Include="GameOver.cpp" />
    <ClCompile Include="Item.cpp" />
    <ClCompile Include="MenuUI.cpp" />
    <ClCompile Include="Pause.cpp" />
    <ClCompile Include="QTEButton.cpp" />
    <ClCompile Include="SE.cpp" />
    <ClCompile Include="SEManager.cpp" />
    <ClCompile Include="SoundUI.cpp" />
    <ClCompile Include="Title.cpp" />
    <ClCompile Include="Player.cpp" />
    <ClCompile Include="Umbrella.cpp" />
    <ClCompile Include="CoinBox.cpp" />
    <ClCompile Include="Circle.cpp" />
    <ClCompile Include="BGMManager.cpp" />
    <ClCompile Include="BGM.cpp" />
    <ClCompile Include="SoundOption.cpp" />
    <ClCompile Include="SoundSettings.cpp" />
    <ClCompile Include="ItemSpawner.cpp" />
    <ClCompile Include="CoinEffect.cpp" />
    <ClCompile Include="Audience.cpp" />
    <ClCompile Include="AudienceManager.cpp" />
    <ClCompile Include="Confetti.cpp" />
    <ClCompile Include="MissEffect.cpp" />
    <ClCompile Include="Arrow.cpp" />
    <ClCompile Include="Operation.cpp" />
  </ItemGroup>
  <ItemGroup>
    <ClInclude Include="stdafx.h" />
    <ClInclude Include="system\system.h">
      <Filter>system</Filter>
    </ClInclude>
    <ClInclude Include="Game.h" />
    <ClInclude Include="BackGround.h" />
    <ClInclude Include="BallState.h" />
    <ClInclude Include="ButtonType.h" />
    <ClInclude Include="GameCamera.h" />
    <ClInclude Include="GameClear.h" />
    <ClInclude Include="GameOver.h" />
    <ClInclude Include="Item.h" />
    <ClInclude Include="MenuUI.h" />
    <ClInclude Include="Pause.h" />
    <ClInclude Include="QTEButton.h" />
    <ClInclude Include="SE.h" />
    <ClInclude Include="SEManager.h" />
    <ClInclude Include="SoundUI.h" />
    <ClInclude Include="Title.h" />
    <ClInclude Include="Player.h" />
    <ClInclude Include="Umbrella.h" />
    <ClInclude Include="CoinBox.h" />
    <ClInclude Include="Circle.h" />
    <ClInclude Include="BGM.h" />
    <ClInclude Include="BGMManager.h" />
    <ClInclude Include="SoundOption.h" />
    <ClInclude Include="SoundSettings.h" />
    <ClInclude Include="ItemSpawner.h" />
    <ClInclude Include="CoinEffect.h" />
    <ClInclude Include="Audience.h" />
    <ClInclude Include="AudienceManager.h" />
    <ClInclude Include="Confetti.h" />
    <ClInclude Include="MissEffect.h" />
    <ClInclude Include="Arrow.h" />
    <ClInclude Include="Operation.h" />
  </ItemGroup>
</Project>